
Microsoft Visual Studio Solution File, Format Version 12.00
# Visual Studio 2012
Project("{FAE04EC0-301F-11D3-BF4B-00C04F79EFBC}") = "Number_Matrix_Web", "Web\Number_Matrix_Web.csproj", "{8B3F3DED-BC55-4F7C-88B1-62C11579AFAF}"
EndProject
Global
	GlobalSection(SolutionConfigurationPlatforms) = preSolution
		Debug|Any CPU = Debug|Any CPU
		Release|Any CPU = Release|Any CPU
	EndGlobalSection
	GlobalSection(ProjectConfigurationPlatforms) = postSolution
		{8B3F3DED-BC55-4F7C-88B1-62C11579AFAF}.Debug|Any CPU.ActiveCfg = Debug|Any CPU
		{8B3F3DED-BC55-4F7C-88B1-62C11579AFAF}.Debug|Any CPU.Build.0 = Debug|Any CPU
		{8B3F3DED-BC55-4F7C-88B1-62C11579AFAF}.Release|Any CPU.ActiveCfg = Release|Any CPU
		{8B3F3DED-BC55-4F7C-88B1-62C11579AFAF}.Release|Any CPU.Build.0 = Release|Any CPU
	EndGlobalSection
	GlobalSection(SolutionProperties) = preSolution
		HideSolutionNode = FALSE
	EndGlobalSection
EndGlobal
